
Microsoft Visual Studio Solution File, Format Version 12.00
# Visual Studio Version 16
VisualStudioVersion = 16.0.30621.155
MinimumVisualStudioVersion = 10.0.40219.1
Project("{FAE04EC0-301F-11D3-BF4B-00C04F79EFBC}") = "EnvironmentModelLib", "EnvironmentModelLib\EnvironmentModelLib.csproj", "{DEA150B4-C8AC-4C73-A899-933A73B16133}"
EndProject
Project("{FAE04EC0-301F-11D3-BF4B-00C04F79EFBC}") = "MeasurementRest", "MeasurementRest\MeasurementRest.csproj", "{D4FBD881-2886-476B-B405-7EBA5957036F}"
EndProject
Project("{FAE04EC0-301F-11D3-BF4B-00C04F79EFBC}") = "MeasurementUnitTest", "MeasurementUnitTest\MeasurementUnitTest.csproj", "{D89DA7D1-7D98-44B7-AAAC-1DAE96DA8CFF}"
EndProject
Project("{FAE04EC0-301F-11D3-BF4B-00C04F79EFBC}") = "UDPBroadcaster", "UDPBroadcaster\UDPBroadcaster.csproj", "{E663F490-4FBE-4BE3-ABBF-D4A7C2A89D82}"
EndProject
Project("{FAE04EC0-301F-11D3-BF4B-00C04F79EFBC}") = "UDPReceiver", "UDPReceiver\UDPReceiver.csproj", "{FBDFE850-18FB-481E-AC5F-4FFD62129E12}"
EndProject
Global
	GlobalSection(SolutionConfigurationPlatforms) = preSolution
		Debug|Any CPU = Debug|Any CPU
		Release|Any CPU = Release|Any CPU
	EndGlobalSection
	GlobalSection(ProjectConfigurationPlatforms) = postSolution
		{DEA150B4-C8AC-4C73-A899-933A73B16133}.Debug|Any CPU.ActiveCfg = Debug|Any CPU
		{DEA150B4-C8AC-4C73-A899-933A73B16133}.Debug|Any CPU.Build.0 = Debug|Any CPU
		{DEA150B4-C8AC-4C73-A899-933A73B16133}.Release|Any CPU.ActiveCfg = Release|Any CPU
		{DEA150B4-C8AC-4C73-A899-933A73B16133}.Release|Any CPU.Build.0 = Release|Any CPU
		{D4FBD881-2886-476B-B405-7EBA5957036F}.Debug|Any CPU.ActiveCfg = Debug|Any CPU
		{D4FBD881-2886-476B-B405-7EBA5957036F}.Debug|Any CPU.Build.0 = Debug|Any CPU
		{D4FBD881-2886-476B-B405-7EBA5957036F}.Release|Any CPU.ActiveCfg = Release|Any CPU
		{D4FBD881-2886-476B-B405-7EBA5957036F}.Release|Any CPU.Build.0 = Release|Any CPU
		{D89DA7D1-7D98-44B7-AAAC-1DAE96DA8CFF}.Debug|Any CPU.ActiveCfg = Debug|Any CPU
		{D89DA7D1-7D98-44B7-AAAC-1DAE96DA8CFF}.Debug|Any CPU.Build.0 = Debug|Any CPU
		{D89DA7D1-7D98-44B7-AAAC-1DAE96DA8CFF}.Release|Any CPU.ActiveCfg = Release|Any CPU
		{D89DA7D1-7D98-44B7-AAAC-1DAE96DA8CFF}.Release|Any CPU.Build.0 = Release|Any CPU
		{E663F490-4FBE-4BE3-ABBF-D4A7C2A89D82}.Debug|Any CPU.ActiveCfg = Debug|Any CPU
		{E663F490-4FBE-4BE3-ABBF-D4A7C2A89D82}.Debug|Any CPU.Build.0 = Debug|Any CPU
		{E663F490-4FBE-4BE3-ABBF-D4A7C2A89D82}.Release|Any CPU.ActiveCfg = Release|Any CPU
		{E663F490-4FBE-4BE3-ABBF-D4A7C2A89D82}.Release|Any CPU.Build.0 = Release|Any CPU
		{FBDFE850-18FB-481E-AC5F-4FFD62129E12}.Debug|Any CPU.ActiveCfg = Debug|Any CPU
		{FBDFE850-18FB-481E-AC5F-4FFD62129E12}.Debug|Any CPU.Build.0 = Debug|Any CPU
		{FBDFE850-18FB-481E-AC5F-4FFD62129E12}.Release|Any CPU.ActiveCfg = Release|Any CPU
		{FBDFE850-18FB-481E-AC5F-4FFD62129E12}.Release|Any CPU.Build.0 = Release|Any CPU
	EndGlobalSection
	GlobalSection(SolutionProperties) = preSolution
		HideSolutionNode = FALSE
	EndGlobalSection
	GlobalSection(ExtensibilityGlobals) = postSolution
		SolutionGuid = {35A092BD-82D3-46F6-AAFB-CE9D7E5D07CC}
	EndGlobalSection
EndGlobal
